
Microsoft Visual Studio Solution File, Format Version 12.00
# Visual Studio Version 16
VisualStudioVersion = 16.0.30621.155
MinimumVisualStudioVersion = 10.0.40219.1
Project("{8BC9CEB8-8B4A-11D0-8D11-00A0C91BC942}") = "习题3-3 出租车计价", "习题3-3 出租车计价.vcxproj", "{018017F8-5DBF-48E8-95D2-16D381C091F5}"
EndProject
Global
	GlobalSection(SolutionConfigurationPlatforms) = preSolution
		Debug|x64 = Debug|x64
		Debug|x86 = Debug|x86
		Release|x64 = Release|x64
		Release|x86 = Release|x86
	EndGlobalSection
	GlobalSection(ProjectConfigurationPlatforms) = postSolution
		{018017F8-5DBF-48E8-95D2-16D381C091F5}.Debug|x64.ActiveCfg = Debug|x64
		{018017F8-5DBF-48E8-95D2-16D381C091F5}.Debug|x64.Build.0 = Debug|x64
		{018017F8-5DBF-48E8-95D2-16D381C091F5}.Debug|x86.ActiveCfg = Debug|Win32
		{018017F8-5DBF-48E8-95D2-16D381C091F5}.Debug|x86.Build.0 = Debug|Win32
		{018017F8-5DBF-48E8-95D2-16D381C091F5}.Release|x64.ActiveCfg = Release|x64
		{018017F8-5DBF-48E8-95D2-16D381C091F5}.Release|x64.Build.0 = Release|x64
		{018017F8-5DBF-48E8-95D2-16D381C091F5}.Release|x86.ActiveCfg = Release|Win32
		{018017F8-5DBF-48E8-95D2-16D381C091F5}.Release|x86.Build.0 = Release|Win32
	EndGlobalSection
	GlobalSection(SolutionProperties) = preSolution
		HideSolutionNode = FALSE
	EndGlobalSection
	GlobalSection(ExtensibilityGlobals) = postSolution
		SolutionGuid = {1D0D7FF9-C6DF-4482-BBB3-5D578F15A7AB}
	EndGlobalSection
EndGlobal
